
Microsoft Visual Studio Solution File, Format Version 12.00
# Visual Studio 2012
Project("{FAE04EC0-301F-11D3-BF4B-00C04F79EFBC}") = "PapercutSFASBilling", "PapercutSFASBilling\PapercutSFASBilling.csproj", "{9B8C9DC7-59D6-4773-AC89-DE383D7676B8}"
EndProject
Project("{FAE04EC0-301F-11D3-BF4B-00C04F79EFBC}") = "PapercutSFASBillingTests", "PapercutSFASBillingTests\PapercutSFASBillingTests.csproj", "{38890000-C7C3-486C-A8F5-3D74F8FF8C6F}"
EndProject
Project("{2150E333-8FDC-42A3-9474-1A3956D46DE8}") = "Solution Items", "Solution Items", "{8A3B8018-3890-4A83-AE9E-648BE8E3E57B}"
	ProjectSection(SolutionItems) = preProject
		ReadMe.txt = ReadMe.txt
		Unlicense.txt = Unlicense.txt
	EndProjectSection
EndProject
Project("{930C7802-8A8C-48F9-8165-68863BCCD9DD}") = "PapercutSFASBillingInstaller", "PapercutSFASBillingInstaller\PapercutSFASBillingInstaller.wixproj", "{3B380F99-96B9-4B3B-95CA-06AAF7E36248}"
	ProjectSection(ProjectDependencies) = postProject
		{9B8C9DC7-59D6-4773-AC89-DE383D7676B8} = {9B8C9DC7-59D6-4773-AC89-DE383D7676B8}
	EndProjectSection
EndProject
Global
	GlobalSection(SolutionConfigurationPlatforms) = preSolution
		Debug|x64 = Debug|x64
		Release|x64 = Release|x64
	EndGlobalSection
	GlobalSection(ProjectConfigurationPlatforms) = postSolution
		{9B8C9DC7-59D6-4773-AC89-DE383D7676B8}.Debug|x64.ActiveCfg = Debug|x64
		{9B8C9DC7-59D6-4773-AC89-DE383D7676B8}.Debug|x64.Build.0 = Debug|x64
		{9B8C9DC7-59D6-4773-AC89-DE383D7676B8}.Release|x64.ActiveCfg = Release|x64
		{9B8C9DC7-59D6-4773-AC89-DE383D7676B8}.Release|x64.Build.0 = Release|x64
		{38890000-C7C3-486C-A8F5-3D74F8FF8C6F}.Debug|x64.ActiveCfg = Debug|x64
		{38890000-C7C3-486C-A8F5-3D74F8FF8C6F}.Debug|x64.Build.0 = Debug|x64
		{38890000-C7C3-486C-A8F5-3D74F8FF8C6F}.Release|x64.ActiveCfg = Release|x64
		{3B380F99-96B9-4B3B-95CA-06AAF7E36248}.Debug|x64.ActiveCfg = Debug|x64
		{3B380F99-96B9-4B3B-95CA-06AAF7E36248}.Debug|x64.Build.0 = Debug|x64
		{3B380F99-96B9-4B3B-95CA-06AAF7E36248}.Release|x64.ActiveCfg = Release|x64
		{3B380F99-96B9-4B3B-95CA-06AAF7E36248}.Release|x64.Build.0 = Release|x64
	EndGlobalSection
	GlobalSection(SolutionProperties) = preSolution
		HideSolutionNode = FALSE
	EndGlobalSection
EndGlobal
