
Microsoft Visual Studio Solution File, Format Version 12.00
# Visual Studio 2012
Project("{FAE04EC0-301F-11D3-BF4B-00C04F79EFBC}") = "PapercutSFASBilling", "PapercutSFASBilling\PapercutSFASBilling.csproj", "{9B8C9DC7-59D6-4773-AC89-DE383D7676B8}"
EndProject
Project("{FAE04EC0-301F-11D3-BF4B-00C04F79EFBC}") = "PapercutSFASBillingTests", "PapercutSFASBillingTests\PapercutSFASBillingTests.csproj", "{38890000-C7C3-486C-A8F5-3D74F8FF8C6F}"
EndProject
Global
	GlobalSection(SolutionConfigurationPlatforms) = preSolution
		Debug|Any CPU = Debug|Any CPU
		Release|Any CPU = Release|Any CPU
	EndGlobalSection
	GlobalSection(ProjectConfigurationPlatforms) = postSolution
		{9B8C9DC7-59D6-4773-AC89-DE383D7676B8}.Debug|Any CPU.ActiveCfg = Debug|Any CPU
		{9B8C9DC7-59D6-4773-AC89-DE383D7676B8}.Debug|Any CPU.Build.0 = Debug|Any CPU
		{9B8C9DC7-59D6-4773-AC89-DE383D7676B8}.Release|Any CPU.ActiveCfg = Release|Any CPU
		{9B8C9DC7-59D6-4773-AC89-DE383D7676B8}.Release|Any CPU.Build.0 = Release|Any CPU
		{38890000-C7C3-486C-A8F5-3D74F8FF8C6F}.Debug|Any CPU.ActiveCfg = Debug|Any CPU
		{38890000-C7C3-486C-A8F5-3D74F8FF8C6F}.Debug|Any CPU.Build.0 = Debug|Any CPU
		{38890000-C7C3-486C-A8F5-3D74F8FF8C6F}.Release|Any CPU.ActiveCfg = Release|Any CPU
		{38890000-C7C3-486C-A8F5-3D74F8FF8C6F}.Release|Any CPU.Build.0 = Release|Any CPU
	EndGlobalSection
	GlobalSection(SolutionProperties) = preSolution
		HideSolutionNode = FALSE
	EndGlobalSection
EndGlobal
